
Microsoft Visual Studio Solution File, Format Version 12.00
# Visual Studio 14
VisualStudioVersion = 14.0.25420.1
MinimumVisualStudioVersion = 10.0.40219.1
Project("{FAE04EC0-301F-11D3-BF4B-00C04F79EFBC}") = "SDEDataResearch", "SDEDataResearch\SDEDataResearch.csproj", "{D2CAF71F-C4F0-41C6-8665-1BF0E2FE801C}"
EndProject
Project("{FAE04EC0-301F-11D3-BF4B-00C04F79EFBC}") = "Viewer", "Viewer\Viewer.csproj", "{EE7030DE-4241-4A11-AF20-078E8F221045}"
EndProject
Global
	GlobalSection(SolutionConfigurationPlatforms) = preSolution
		Debug|Any CPU = Debug|Any CPU
		Release|Any CPU = Release|Any CPU
	EndGlobalSection
	GlobalSection(ProjectConfigurationPlatforms) = postSolution
		{D2CAF71F-C4F0-41C6-8665-1BF0E2FE801C}.Debug|Any CPU.ActiveCfg = Debug|Any CPU
		{D2CAF71F-C4F0-41C6-8665-1BF0E2FE801C}.Debug|Any CPU.Build.0 = Debug|Any CPU
		{D2CAF71F-C4F0-41C6-8665-1BF0E2FE801C}.Release|Any CPU.ActiveCfg = Release|Any CPU
		{D2CAF71F-C4F0-41C6-8665-1BF0E2FE801C}.Release|Any CPU.Build.0 = Release|Any CPU
		{EE7030DE-4241-4A11-AF20-078E8F221045}.Debug|Any CPU.ActiveCfg = Debug|Any CPU
		{EE7030DE-4241-4A11-AF20-078E8F221045}.Debug|Any CPU.Build.0 = Debug|Any CPU
		{EE7030DE-4241-4A11-AF20-078E8F221045}.Release|Any CPU.ActiveCfg = Release|Any CPU
		{EE7030DE-4241-4A11-AF20-078E8F221045}.Release|Any CPU.Build.0 = Release|Any CPU
	EndGlobalSection
	GlobalSection(SolutionProperties) = preSolution
		HideSolutionNode = FALSE
	EndGlobalSection
EndGlobal
